
Microsoft Visual Studio Solution File, Format Version 12.00
# Visual Studio Version 17
Project("{2150E333-8FDC-42A3-9474-1A3956D46DE8}") = "CMakePredefinedTargets", "CMakePredefinedTargets", "{791AD6CB-CBB1-3058-9472-A87EC797BBF1}"
EndProject
Project("{8BC9CEB8-8B4A-11D0-8D11-00A0C91BC942}") = "CSC8503", "CSC8503\CSC8503.vcxproj", "{7201962F-A895-3ABD-AFDD-E2089FA1101E}"
	ProjectSection(ProjectDependencies) = postProject
		{CD3AE851-62D0-3647-9784-39177D3949D5} = {CD3AE851-62D0-3647-9784-39177D3949D5}
		{E0C89E0C-6905-3373-8FCA-8AC1E52EEE9D} = {E0C89E0C-6905-3373-8FCA-8AC1E52EEE9D}
		{760653DA-C6CE-39AE-9201-2ADFB8EBE9DA} = {760653DA-C6CE-39AE-9201-2ADFB8EBE9DA}
		{6BEFEE71-798D-3766-BE70-FA86B202E79E} = {6BEFEE71-798D-3766-BE70-FA86B202E79E}
	EndProjectSection
EndProject
Project("{8BC9CEB8-8B4A-11D0-8D11-00A0C91BC942}") = "ALL_BUILD", "ALL_BUILD.vcxproj", "{22475A3A-B7B8-37BA-8E86-6B73E2B7308C}"
	ProjectSection(ProjectDependencies) = postProject
		{7201962F-A895-3ABD-AFDD-E2089FA1101E} = {7201962F-A895-3ABD-AFDD-E2089FA1101E}
		{CD3AE851-62D0-3647-9784-39177D3949D5} = {CD3AE851-62D0-3647-9784-39177D3949D5}
		{E0C89E0C-6905-3373-8FCA-8AC1E52EEE9D} = {E0C89E0C-6905-3373-8FCA-8AC1E52EEE9D}
		{760653DA-C6CE-39AE-9201-2ADFB8EBE9DA} = {760653DA-C6CE-39AE-9201-2ADFB8EBE9DA}
		{6BEFEE71-798D-3766-BE70-FA86B202E79E} = {6BEFEE71-798D-3766-BE70-FA86B202E79E}
	EndProjectSection
EndProject
Project("{8BC9CEB8-8B4A-11D0-8D11-00A0C91BC942}") = "CSC8503CoreClasses", "CSC8503CoreClasses\CSC8503CoreClasses.vcxproj", "{CD3AE851-62D0-3647-9784-39177D3949D5}"
	ProjectSection(ProjectDependencies) = postProject
		{6BEFEE71-798D-3766-BE70-FA86B202E79E} = {6BEFEE71-798D-3766-BE70-FA86B202E79E}
	EndProjectSection
EndProject
Project("{8BC9CEB8-8B4A-11D0-8D11-00A0C91BC942}") = "NCLCoreClasses", "NCLCoreClasses\NCLCoreClasses.vcxproj", "{E0C89E0C-6905-3373-8FCA-8AC1E52EEE9D}"
	ProjectSection(ProjectDependencies) = postProject
		{6BEFEE71-798D-3766-BE70-FA86B202E79E} = {6BEFEE71-798D-3766-BE70-FA86B202E79E}
	EndProjectSection
EndProject
Project("{8BC9CEB8-8B4A-11D0-8D11-00A0C91BC942}") = "OpenGLRendering", "OpenGLRendering\OpenGLRendering.vcxproj", "{760653DA-C6CE-39AE-9201-2ADFB8EBE9DA}"
	ProjectSection(ProjectDependencies) = postProject
		{E0C89E0C-6905-3373-8FCA-8AC1E52EEE9D} = {E0C89E0C-6905-3373-8FCA-8AC1E52EEE9D}
		{6BEFEE71-798D-3766-BE70-FA86B202E79E} = {6BEFEE71-798D-3766-BE70-FA86B202E79E}
	EndProjectSection
EndProject
Project("{8BC9CEB8-8B4A-11D0-8D11-00A0C91BC942}") = "ZERO_CHECK", "ZERO_CHECK.vcxproj", "{6BEFEE71-798D-3766-BE70-FA86B202E79E}"
	ProjectSection(ProjectDependencies) = postProject
	EndProjectSection
EndProject
Global
	GlobalSection(SolutionConfigurationPlatforms) = preSolution
		Debug|x64 = Debug|x64
		Release|x64 = Release|x64
	EndGlobalSection
	GlobalSection(ProjectConfigurationPlatforms) = postSolution
		{7201962F-A895-3ABD-AFDD-E2089FA1101E}.Debug|x64.ActiveCfg = Debug|x64
		{7201962F-A895-3ABD-AFDD-E2089FA1101E}.Debug|x64.Build.0 = Debug|x64
		{7201962F-A895-3ABD-AFDD-E2089FA1101E}.Release|x64.ActiveCfg = Release|x64
		{7201962F-A895-3ABD-AFDD-E2089FA1101E}.Release|x64.Build.0 = Release|x64
		{22475A3A-B7B8-37BA-8E86-6B73E2B7308C}.Debug|x64.ActiveCfg = Debug|x64
		{22475A3A-B7B8-37BA-8E86-6B73E2B7308C}.Release|x64.ActiveCfg = Release|x64
		{CD3AE851-62D0-3647-9784-39177D3949D5}.Debug|x64.ActiveCfg = Debug|x64
		{CD3AE851-62D0-3647-9784-39177D3949D5}.Debug|x64.Build.0 = Debug|x64
		{CD3AE851-62D0-3647-9784-39177D3949D5}.Release|x64.ActiveCfg = Release|x64
		{CD3AE851-62D0-3647-9784-39177D3949D5}.Release|x64.Build.0 = Release|x64
		{E0C89E0C-6905-3373-8FCA-8AC1E52EEE9D}.Debug|x64.ActiveCfg = Debug|x64
		{E0C89E0C-6905-3373-8FCA-8AC1E52EEE9D}.Debug|x64.Build.0 = Debug|x64
		{E0C89E0C-6905-3373-8FCA-8AC1E52EEE9D}.Release|x64.ActiveCfg = Release|x64
		{E0C89E0C-6905-3373-8FCA-8AC1E52EEE9D}.Release|x64.Build.0 = Release|x64
		{760653DA-C6CE-39AE-9201-2ADFB8EBE9DA}.Debug|x64.ActiveCfg = Debug|x64
		{760653DA-C6CE-39AE-9201-2ADFB8EBE9DA}.Debug|x64.Build.0 = Debug|x64
		{760653DA-C6CE-39AE-9201-2ADFB8EBE9DA}.Release|x64.ActiveCfg = Release|x64
		{760653DA-C6CE-39AE-9201-2ADFB8EBE9DA}.Release|x64.Build.0 = Release|x64
		{6BEFEE71-798D-3766-BE70-FA86B202E79E}.Debug|x64.ActiveCfg = Debug|x64
		{6BEFEE71-798D-3766-BE70-FA86B202E79E}.Debug|x64.Build.0 = Debug|x64
		{6BEFEE71-798D-3766-BE70-FA86B202E79E}.Release|x64.ActiveCfg = Release|x64
		{6BEFEE71-798D-3766-BE70-FA86B202E79E}.Release|x64.Build.0 = Release|x64
	EndGlobalSection
	GlobalSection(NestedProjects) = preSolution
		{22475A3A-B7B8-37BA-8E86-6B73E2B7308C} = {791AD6CB-CBB1-3058-9472-A87EC797BBF1}
		{6BEFEE71-798D-3766-BE70-FA86B202E79E} = {791AD6CB-CBB1-3058-9472-A87EC797BBF1}
	EndGlobalSection
	GlobalSection(ExtensibilityGlobals) = postSolution
		SolutionGuid = {60CAEAB4-0DE7-3E4C-A322-E67A1CB13868}
	EndGlobalSection
	GlobalSection(ExtensibilityAddIns) = postSolution
	EndGlobalSection
EndGlobal
